
Microsoft Visual Studio Solution File, Format Version 12.00
# Visual Studio Version 16
VisualStudioVersion = 16.0.28803.452
MinimumVisualStudioVersion = 10.0.40219.1
Project("{9A19103F-16F7-4668-BE54-9A1E7A4F7556}") = "Triangulator", "Launcher\Triangulator.csproj", "{C18DCDC6-6772-40E5-9445-DF00FAE9ABD6}"
EndProject
Project("{9A19103F-16F7-4668-BE54-9A1E7A4F7556}") = "Contracts", "Contracts\Contracts.csproj", "{1CD5D4FC-2BCF-45E5-8FAF-2B44394FC9C8}"
EndProject
Project("{9A19103F-16F7-4668-BE54-9A1E7A4F7556}") = "Helpers", "Helpers\Helpers.csproj", "{F46E8652-DC1C-4DE7-B94F-A875822E5B0C}"
EndProject
Global
	GlobalSection(SolutionConfigurationPlatforms) = preSolution
		Debug|Any CPU = Debug|Any CPU
		Release|Any CPU = Release|Any CPU
	EndGlobalSection
	GlobalSection(ProjectConfigurationPlatforms) = postSolution
		{C18DCDC6-6772-40E5-9445-DF00FAE9ABD6}.Debug|Any CPU.ActiveCfg = Debug|Any CPU
		{C18DCDC6-6772-40E5-9445-DF00FAE9ABD6}.Debug|Any CPU.Build.0 = Debug|Any CPU
		{C18DCDC6-6772-40E5-9445-DF00FAE9ABD6}.Release|Any CPU.ActiveCfg = Release|Any CPU
		{C18DCDC6-6772-40E5-9445-DF00FAE9ABD6}.Release|Any CPU.Build.0 = Release|Any CPU
		{1CD5D4FC-2BCF-45E5-8FAF-2B44394FC9C8}.Debug|Any CPU.ActiveCfg = Debug|Any CPU
		{1CD5D4FC-2BCF-45E5-8FAF-2B44394FC9C8}.Debug|Any CPU.Build.0 = Debug|Any CPU
		{1CD5D4FC-2BCF-45E5-8FAF-2B44394FC9C8}.Release|Any CPU.ActiveCfg = Release|Any CPU
		{1CD5D4FC-2BCF-45E5-8FAF-2B44394FC9C8}.Release|Any CPU.Build.0 = Release|Any CPU
		{F46E8652-DC1C-4DE7-B94F-A875822E5B0C}.Debug|Any CPU.ActiveCfg = Debug|Any CPU
		{F46E8652-DC1C-4DE7-B94F-A875822E5B0C}.Debug|Any CPU.Build.0 = Debug|Any CPU
		{F46E8652-DC1C-4DE7-B94F-A875822E5B0C}.Release|Any CPU.ActiveCfg = Release|Any CPU
		{F46E8652-DC1C-4DE7-B94F-A875822E5B0C}.Release|Any CPU.Build.0 = Release|Any CPU
	EndGlobalSection
	GlobalSection(SolutionProperties) = preSolution
		HideSolutionNode = FALSE
	EndGlobalSection
	GlobalSection(ExtensibilityGlobals) = postSolution
		SolutionGuid = {90535E20-5015-4690-951E-584BDB56277E}
	EndGlobalSection
EndGlobal
